
Microsoft Visual Studio Solution File, Format Version 12.00
# Visual Studio Version 16
VisualStudioVersion = 16.0.29409.12
MinimumVisualStudioVersion = 10.0.40219.1
Project("{2150E333-8FDC-42A3-9474-1A3956D46DE8}") = "Behavioural", "Behavioural", "{87771C76-8485-4DA5-88EF-AB517D9DBC73}"
EndProject
Project("{2150E333-8FDC-42A3-9474-1A3956D46DE8}") = "Structural", "Structural", "{5B5C0A6F-210B-4EAA-BDF6-EB05354AD07F}"
EndProject
Project("{2150E333-8FDC-42A3-9474-1A3956D46DE8}") = "Creational", "Creational", "{1E276C3F-0D12-4B1B-884C-2C7F9A85F267}"
EndProject
Project("{FAE04EC0-301F-11D3-BF4B-00C04F79EFBC}") = "Momento", "Behavioural\Momento\Momento.csproj", "{4A1B73A0-281A-48A5-A158-C1662D9A1803}"
EndProject
Global
	GlobalSection(SolutionConfigurationPlatforms) = preSolution
		Debug|Any CPU = Debug|Any CPU
		Release|Any CPU = Release|Any CPU
	EndGlobalSection
	GlobalSection(ProjectConfigurationPlatforms) = postSolution
		{4A1B73A0-281A-48A5-A158-C1662D9A1803}.Debug|Any CPU.ActiveCfg = Debug|Any CPU
		{4A1B73A0-281A-48A5-A158-C1662D9A1803}.Debug|Any CPU.Build.0 = Debug|Any CPU
		{4A1B73A0-281A-48A5-A158-C1662D9A1803}.Release|Any CPU.ActiveCfg = Release|Any CPU
		{4A1B73A0-281A-48A5-A158-C1662D9A1803}.Release|Any CPU.Build.0 = Release|Any CPU
	EndGlobalSection
	GlobalSection(SolutionProperties) = preSolution
		HideSolutionNode = FALSE
	EndGlobalSection
	GlobalSection(NestedProjects) = preSolution
		{4A1B73A0-281A-48A5-A158-C1662D9A1803} = {87771C76-8485-4DA5-88EF-AB517D9DBC73}
	EndGlobalSection
	GlobalSection(ExtensibilityGlobals) = postSolution
		SolutionGuid = {99194CE5-8F79-4948-BBC7-5767E68E2019}
	EndGlobalSection
EndGlobal
