
Microsoft Visual Studio Solution File, Format Version 12.00
# Visual Studio Version 16
VisualStudioVersion = 16.0.29409.12
MinimumVisualStudioVersion = 10.0.40219.1
Project("{2150E333-8FDC-42A3-9474-1A3956D46DE8}") = "Behavioural", "Behavioural", "{87771C76-8485-4DA5-88EF-AB517D9DBC73}"
EndProject
Project("{2150E333-8FDC-42A3-9474-1A3956D46DE8}") = "Structural", "Structural", "{5B5C0A6F-210B-4EAA-BDF6-EB05354AD07F}"
EndProject
Project("{2150E333-8FDC-42A3-9474-1A3956D46DE8}") = "Creational", "Creational", "{1E276C3F-0D12-4B1B-884C-2C7F9A85F267}"
EndProject
Project("{9A19103F-16F7-4668-BE54-9A1E7A4F7556}") = "Momento", "Behavioural\Momento\Momento.csproj", "{4A1B73A0-281A-48A5-A158-C1662D9A1803}"
EndProject
Project("{2150E333-8FDC-42A3-9474-1A3956D46DE8}") = "Observer", "Observer", "{DD6CD152-6CFF-4776-BE52-3A5F61F11B45}"
EndProject
Project("{9A19103F-16F7-4668-BE54-9A1E7A4F7556}") = "Strategy", "Behavioural\Strategy\Strategy.csproj", "{EBDB0A70-F4F2-483B-9F07-98524FE2D77F}"
EndProject
Project("{9A19103F-16F7-4668-BE54-9A1E7A4F7556}") = "Observer (pull style)", "Behavioural\Observer\Observer (pull style)\Observer (pull style).csproj", "{3567E5A8-CE1F-41D2-BD41-5672CE6AB6C0}"
EndProject
Project("{9A19103F-16F7-4668-BE54-9A1E7A4F7556}") = "Observer (push style)", "Behavioural\Observer\Observer (push style)\Observer (push style).csproj", "{E033FC33-D6C6-4065-B4EB-9E4C06AA46DB}"
EndProject
Project("{9A19103F-16F7-4668-BE54-9A1E7A4F7556}") = "Observer (simple notify)", "Behavioural\Observer\Observer (simple notify)\Observer (simple notify).csproj", "{FE9B2EBD-80DA-40EA-B9F8-ED728684C4AC}"
EndProject
Project("{9A19103F-16F7-4668-BE54-9A1E7A4F7556}") = "State", "Behavioural\State\State.csproj", "{30595495-0A29-4977-A4F7-6A60B101589F}"
EndProject
Project("{9A19103F-16F7-4668-BE54-9A1E7A4F7556}") = "Adapter", "Structural\Adapter\Adapter.csproj", "{BED5E170-5CDF-45F5-8A8B-282F8EEFDC31}"
EndProject
Project("{9A19103F-16F7-4668-BE54-9A1E7A4F7556}") = "Factory Method", "Creational\Factory Method\Factory Method.csproj", "{5AFFB1C4-2078-4BFD-A41A-47274B5BBBF6}"
EndProject
Project("{9A19103F-16F7-4668-BE54-9A1E7A4F7556}") = "Abstract Factory", "Creational\Abstract Factory\Abstract Factory.csproj", "{B4A469EF-830F-4B06-91DB-3A048F55CF79}"
EndProject
Project("{FAE04EC0-301F-11D3-BF4B-00C04F79EFBC}") = "Facade", "Structural\Facade\Facade.csproj", "{B5CD94DD-F91C-4809-8363-1F8E283363C5}"
EndProject
Project("{FAE04EC0-301F-11D3-BF4B-00C04F79EFBC}") = "Composite", "Structural\Composite\Composite.csproj", "{E05789FD-1ECE-4169-BC59-AE54EF0F132D}"
EndProject
Global
	GlobalSection(SolutionConfigurationPlatforms) = preSolution
		Debug|Any CPU = Debug|Any CPU
		Release|Any CPU = Release|Any CPU
	EndGlobalSection
	GlobalSection(ProjectConfigurationPlatforms) = postSolution
		{4A1B73A0-281A-48A5-A158-C1662D9A1803}.Debug|Any CPU.ActiveCfg = Debug|Any CPU
		{4A1B73A0-281A-48A5-A158-C1662D9A1803}.Debug|Any CPU.Build.0 = Debug|Any CPU
		{4A1B73A0-281A-48A5-A158-C1662D9A1803}.Release|Any CPU.ActiveCfg = Release|Any CPU
		{4A1B73A0-281A-48A5-A158-C1662D9A1803}.Release|Any CPU.Build.0 = Release|Any CPU
		{EBDB0A70-F4F2-483B-9F07-98524FE2D77F}.Debug|Any CPU.ActiveCfg = Debug|Any CPU
		{EBDB0A70-F4F2-483B-9F07-98524FE2D77F}.Debug|Any CPU.Build.0 = Debug|Any CPU
		{EBDB0A70-F4F2-483B-9F07-98524FE2D77F}.Release|Any CPU.ActiveCfg = Release|Any CPU
		{EBDB0A70-F4F2-483B-9F07-98524FE2D77F}.Release|Any CPU.Build.0 = Release|Any CPU
		{3567E5A8-CE1F-41D2-BD41-5672CE6AB6C0}.Debug|Any CPU.ActiveCfg = Debug|Any CPU
		{3567E5A8-CE1F-41D2-BD41-5672CE6AB6C0}.Debug|Any CPU.Build.0 = Debug|Any CPU
		{3567E5A8-CE1F-41D2-BD41-5672CE6AB6C0}.Release|Any CPU.ActiveCfg = Release|Any CPU
		{3567E5A8-CE1F-41D2-BD41-5672CE6AB6C0}.Release|Any CPU.Build.0 = Release|Any CPU
		{E033FC33-D6C6-4065-B4EB-9E4C06AA46DB}.Debug|Any CPU.ActiveCfg = Debug|Any CPU
		{E033FC33-D6C6-4065-B4EB-9E4C06AA46DB}.Debug|Any CPU.Build.0 = Debug|Any CPU
		{E033FC33-D6C6-4065-B4EB-9E4C06AA46DB}.Release|Any CPU.ActiveCfg = Release|Any CPU
		{E033FC33-D6C6-4065-B4EB-9E4C06AA46DB}.Release|Any CPU.Build.0 = Release|Any CPU
		{FE9B2EBD-80DA-40EA-B9F8-ED728684C4AC}.Debug|Any CPU.ActiveCfg = Debug|Any CPU
		{FE9B2EBD-80DA-40EA-B9F8-ED728684C4AC}.Debug|Any CPU.Build.0 = Debug|Any CPU
		{FE9B2EBD-80DA-40EA-B9F8-ED728684C4AC}.Release|Any CPU.ActiveCfg = Release|Any CPU
		{FE9B2EBD-80DA-40EA-B9F8-ED728684C4AC}.Release|Any CPU.Build.0 = Release|Any CPU
		{30595495-0A29-4977-A4F7-6A60B101589F}.Debug|Any CPU.ActiveCfg = Debug|Any CPU
		{30595495-0A29-4977-A4F7-6A60B101589F}.Debug|Any CPU.Build.0 = Debug|Any CPU
		{30595495-0A29-4977-A4F7-6A60B101589F}.Release|Any CPU.ActiveCfg = Release|Any CPU
		{30595495-0A29-4977-A4F7-6A60B101589F}.Release|Any CPU.Build.0 = Release|Any CPU
		{BED5E170-5CDF-45F5-8A8B-282F8EEFDC31}.Debug|Any CPU.ActiveCfg = Debug|Any CPU
		{BED5E170-5CDF-45F5-8A8B-282F8EEFDC31}.Debug|Any CPU.Build.0 = Debug|Any CPU
		{BED5E170-5CDF-45F5-8A8B-282F8EEFDC31}.Release|Any CPU.ActiveCfg = Release|Any CPU
		{BED5E170-5CDF-45F5-8A8B-282F8EEFDC31}.Release|Any CPU.Build.0 = Release|Any CPU
		{5AFFB1C4-2078-4BFD-A41A-47274B5BBBF6}.Debug|Any CPU.ActiveCfg = Debug|Any CPU
		{5AFFB1C4-2078-4BFD-A41A-47274B5BBBF6}.Debug|Any CPU.Build.0 = Debug|Any CPU
		{5AFFB1C4-2078-4BFD-A41A-47274B5BBBF6}.Release|Any CPU.ActiveCfg = Release|Any CPU
		{5AFFB1C4-2078-4BFD-A41A-47274B5BBBF6}.Release|Any CPU.Build.0 = Release|Any CPU
		{B4A469EF-830F-4B06-91DB-3A048F55CF79}.Debug|Any CPU.ActiveCfg = Debug|Any CPU
		{B4A469EF-830F-4B06-91DB-3A048F55CF79}.Debug|Any CPU.Build.0 = Debug|Any CPU
		{B4A469EF-830F-4B06-91DB-3A048F55CF79}.Release|Any CPU.ActiveCfg = Release|Any CPU
		{B4A469EF-830F-4B06-91DB-3A048F55CF79}.Release|Any CPU.Build.0 = Release|Any CPU
		{B5CD94DD-F91C-4809-8363-1F8E283363C5}.Debug|Any CPU.ActiveCfg = Debug|Any CPU
		{B5CD94DD-F91C-4809-8363-1F8E283363C5}.Debug|Any CPU.Build.0 = Debug|Any CPU
		{B5CD94DD-F91C-4809-8363-1F8E283363C5}.Release|Any CPU.ActiveCfg = Release|Any CPU
		{B5CD94DD-F91C-4809-8363-1F8E283363C5}.Release|Any CPU.Build.0 = Release|Any CPU
		{E05789FD-1ECE-4169-BC59-AE54EF0F132D}.Debug|Any CPU.ActiveCfg = Debug|Any CPU
		{E05789FD-1ECE-4169-BC59-AE54EF0F132D}.Debug|Any CPU.Build.0 = Debug|Any CPU
		{E05789FD-1ECE-4169-BC59-AE54EF0F132D}.Release|Any CPU.ActiveCfg = Release|Any CPU
		{E05789FD-1ECE-4169-BC59-AE54EF0F132D}.Release|Any CPU.Build.0 = Release|Any CPU
	EndGlobalSection
	GlobalSection(SolutionProperties) = preSolution
		HideSolutionNode = FALSE
	EndGlobalSection
	GlobalSection(NestedProjects) = preSolution
		{4A1B73A0-281A-48A5-A158-C1662D9A1803} = {87771C76-8485-4DA5-88EF-AB517D9DBC73}
		{DD6CD152-6CFF-4776-BE52-3A5F61F11B45} = {87771C76-8485-4DA5-88EF-AB517D9DBC73}
		{EBDB0A70-F4F2-483B-9F07-98524FE2D77F} = {87771C76-8485-4DA5-88EF-AB517D9DBC73}
		{3567E5A8-CE1F-41D2-BD41-5672CE6AB6C0} = {DD6CD152-6CFF-4776-BE52-3A5F61F11B45}
		{E033FC33-D6C6-4065-B4EB-9E4C06AA46DB} = {DD6CD152-6CFF-4776-BE52-3A5F61F11B45}
		{FE9B2EBD-80DA-40EA-B9F8-ED728684C4AC} = {DD6CD152-6CFF-4776-BE52-3A5F61F11B45}
		{30595495-0A29-4977-A4F7-6A60B101589F} = {87771C76-8485-4DA5-88EF-AB517D9DBC73}
		{BED5E170-5CDF-45F5-8A8B-282F8EEFDC31} = {5B5C0A6F-210B-4EAA-BDF6-EB05354AD07F}
		{5AFFB1C4-2078-4BFD-A41A-47274B5BBBF6} = {1E276C3F-0D12-4B1B-884C-2C7F9A85F267}
		{B4A469EF-830F-4B06-91DB-3A048F55CF79} = {1E276C3F-0D12-4B1B-884C-2C7F9A85F267}
		{B5CD94DD-F91C-4809-8363-1F8E283363C5} = {5B5C0A6F-210B-4EAA-BDF6-EB05354AD07F}
		{E05789FD-1ECE-4169-BC59-AE54EF0F132D} = {5B5C0A6F-210B-4EAA-BDF6-EB05354AD07F}
	EndGlobalSection
	GlobalSection(ExtensibilityGlobals) = postSolution
		SolutionGuid = {99194CE5-8F79-4948-BBC7-5767E68E2019}
	EndGlobalSection
EndGlobal
